alabaster==0.7.12
attrdict==2.0.1
attrs==21.2.0
Babel==2.9.1
beautifulsoup4==4.8.2
bleach==3.3.1
cached-property==1.5.2
certifi==2021.5.30
chardet==4.0.0
coverage==5.5
dictionaries==0.0.2
Django==2.2.24
django-apptemplates==1.5
django-autocomplete-light==3.5.1
django-cas-ng==4.1.1
django-csp==3.7
django-debug-toolbar==3.1.1
django-fullurl==1.1
django-grappelli==2.15.1
django-markdownify==0.8.2
django-modelcluster==5.1
django-tabular-export==1.1.0
django-taggit==1.3.0
django-treebeard==4.3.1
django-webpack-loader==0.7.0
django-widget-tweaks==1.4.8
djangorestframework==3.12.4
djiffy==0.6.0
docutils==0.16
draftjs-exporter==2.1.7
eulxml==1.1.3
html5lib==1.1
idna==2.10
imagesize==1.2.0
importlib-metadata==2.1.1
iniconfig==1.1.1
isodate==0.6.0
Jinja2==2.11.3
jsonfield==2.1.1
l18n==2020.6.1
ldap3==2.9.1
lxml==4.6.3
Markdown==3.2.2
MarkupSafe==1.1.1
mysqlclient==2.0.3
oauthlib==3.1.0
packaging==20.9
parasolr==0.6.1
pathlib2==2.3.6
piffle==0.4.0
Pillow==7.2.0
pluggy==0.13.1
ply==3.11
progressbar2==3.53.1
pucas==0.7.0
py==1.10.0
py-flags==1.1.4
pyasn1==0.4.8
Pygments==2.9.0
pymarc==3.2.0
pyparsing==2.4.7
PySocks==1.7.1
pytest==6.1.2
pytest-cov==2.12.1
pytest-django==4.4.0
pytest-ordering==0.6
python-cas==1.5.0
python-dateutil==2.8.2
python-utils==2.5.6
pytz==2021.1
rdflib==5.0.0
rdflib-jsonld==0.5.0
requests==2.25.1
requests-oauthlib==1.3.0
six==1.16.0
snowballstemmer==2.1.0
soupsieve==2.1
Sphinx==3.5.4
sphinxcontrib-applehelp==1.0.2
sphinxcontrib-devhelp==1.0.2
sphinxcontrib-htmlhelp==1.0.3
sphinxcontrib-jsmath==1.0.1
sphinxcontrib-qthelp==1.0.3
sphinxcontrib-serializinghtml==1.1.5
sqlparse==0.4.1
stop-words==2018.7.23
toml==0.10.2
tweepy==3.10.0
Unidecode==1.2.0
urllib3==1.26.6
viapy==0.2.0
wagtail==2.9.3
webencodings==0.5.1
Willow==1.3
XlsxWriter==1.4.5
zipp==1.2.0
